
Microsoft Visual Studio Solution File, Format Version 12.00
# Visual Studio Version 16
VisualStudioVersion = 16.0.29424.173
MinimumVisualStudioVersion = 10.0.40219.1
Project("{FAE04EC0-301F-11D3-BF4B-00C04F79EFBC}") = "OdeToFood.Web", "OdeToFood.Web\OdeToFood.Web.csproj", "{5976C9DD-B9D1-4DA8-ABAF-83C5846EBB14}"
EndProject
Project("{FAE04EC0-301F-11D3-BF4B-00C04F79EFBC}") = "OdeToFood.Data", "OdeToFood.Data\OdeToFood.Data.csproj", "{350928A7-5106-4B2F-94F1-0C18242D73B3}"
EndProject
Global
	GlobalSection(SolutionConfigurationPlatforms) = preSolution
		Debug|Any CPU = Debug|Any CPU
		Release|Any CPU = Release|Any CPU
	EndGlobalSection
	GlobalSection(ProjectConfigurationPlatforms) = postSolution
		{5976C9DD-B9D1-4DA8-ABAF-83C5846EBB14}.Debug|Any CPU.ActiveCfg = Debug|Any CPU
		{5976C9DD-B9D1-4DA8-ABAF-83C5846EBB14}.Debug|Any CPU.Build.0 = Debug|Any CPU
		{5976C9DD-B9D1-4DA8-ABAF-83C5846EBB14}.Release|Any CPU.ActiveCfg = Release|Any CPU
		{5976C9DD-B9D1-4DA8-ABAF-83C5846EBB14}.Release|Any CPU.Build.0 = Release|Any CPU
		{350928A7-5106-4B2F-94F1-0C18242D73B3}.Debug|Any CPU.ActiveCfg = Debug|Any CPU
		{350928A7-5106-4B2F-94F1-0C18242D73B3}.Debug|Any CPU.Build.0 = Debug|Any CPU
		{350928A7-5106-4B2F-94F1-0C18242D73B3}.Release|Any CPU.ActiveCfg = Release|Any CPU
		{350928A7-5106-4B2F-94F1-0C18242D73B3}.Release|Any CPU.Build.0 = Release|Any CPU
	EndGlobalSection
	GlobalSection(SolutionProperties) = preSolution
		HideSolutionNode = FALSE
	EndGlobalSection
	GlobalSection(ExtensibilityGlobals) = postSolution
		SolutionGuid = {EC522EF0-C918-40C8-A253-1EDEF43C1720}
	EndGlobalSection
EndGlobal
